<?xml version="1.0" encoding="utf-8"?>
<Project ToolsVersion="4.0" xmlns="http://schemas.microsoft.com/developer/msbuild/2003">
  <ItemGroup>
    <Filter Include="Source Files">
      <UniqueIdentifier>{4FC737F1-C7A5-4376-A066-2A32D752A2FF}</UniqueIdentifier>
      <Extensions>cpp;c;cc;cxx;def;odl;idl;hpj;bat;asm;asmx</Extensions>
    </Filter>
    <Filter Include="Header Files">
      <UniqueIdentifier>{93995380-89BD-4b04-88EB-625FBE52EBFB}</UniqueIdentifier>
      <Extensions>h;hh;hpp;hxx;hm;inl;inc;ipp;xsd</Extensions>
    </Filter>
    <Filter Include="Resource Files">
      <UniqueIdentifier>{67DA6AB6-F800-4c08-8B7A-83BB121AAD01}</UniqueIdentifier>
      <Extensions>rc;ico;cur;bmp;dlg;rc2;rct;bin;rgs;gif;jpg;jpeg;jpe;resx;tiff;tif;png;wav;mfcribbon-ms</Extensions>
    </Filter>
    <Filter Include="Source Files\Source">
      <UniqueIdentifier>{81a350e1-72ee-4adf-adcd-48d76b0930bf}</UniqueIdentifier>
    </Filter>
    <Filter Include="Source Files\Lib">
      <UniqueIdentifier>{a80fbf1d-c8e5-430a-89c6-268622f87993}</UniqueIdentifier>
    </Filter>
    <Filter Include="Source Files\Assets">
      <UniqueIdentifier>{9d7f77e3-5322-43f1-b0ea-5107745ef771}</UniqueIdentifier>
    </Filter>
    <Filter Include="Source Files\Temp">
      <UniqueIdentifier>{15ab3905-5cde-4db8-b66f-58035347c606}</UniqueIdentifier>
    </Filter>
    <Filter Include="Source Files\Game">
      <UniqueIdentifier>{ea81bfc3-4f47-47fa-9ac2-cdc0910365b2}</UniqueIdentifier>
    </Filter>
    <Filter Include="Source Files\headers">
      <UniqueIdentifier>{d9508e49-9a24-431a-a5da-88ef77ec9d83}</UniqueIdentifier>
    </Filter>
    <Filter Include="Source Files\Docs">
      <UniqueIdentifier>{d2055c52-450d-41b4-89bc-3fa33af2de09}</UniqueIdentifier>
    </Filter>
  </ItemGroup>
  <ItemGroup>
    <ClCompile Include="TWIX.cpp">
      <Filter>Source Files\Source</Filter>
    </ClCompile>
    <ClCompile Include="graphics.cpp">
      <Filter>Source Files\Source</Filter>
    </ClCompile>
    <ClCompile Include="game.cpp">
      <Filter>Source Files\Source</Filter>
    </ClCompile>
    <ClCompile Include="input.cpp">
      <Filter>Source Files\Source</Filter>
    </ClCompile>
    <ClCompile Include="sprite.cpp">
      <Filter>Source Files\Source</Filter>
    </ClCompile>
    <ClCompile Include="animatedsprite.cpp">
      <Filter>Source Files\Source</Filter>
    </ClCompile>
  </ItemGroup>
  <ItemGroup>
    <ClInclude Include="graphics.h">
      <Filter>Source Files\headers</Filter>
    </ClInclude>
    <ClInclude Include="game.h">
      <Filter>Source Files\headers</Filter>
    </ClInclude>
    <ClInclude Include="input.h">
      <Filter>Source Files\headers</Filter>
    </ClInclude>
    <ClInclude Include="sprite.h">
      <Filter>Source Files\headers</Filter>
    </ClInclude>
    <ClInclude Include="resource.h">
      <Filter>Header Files</Filter>
    </ClInclude>
    <ClInclude Include="globals.h">
      <Filter>Source Files\headers</Filter>
    </ClInclude>
    <ClInclude Include="animatedsprite.h">
      <Filter>Source Files\headers</Filter>
    </ClInclude>
    <ClInclude Include="player.h">
      <Filter>Source Files\headers</Filter>
    </ClInclude>
  </ItemGroup>
  <ItemGroup>
    <ResourceCompile Include="TWIX.rc">
      <Filter>Resource Files</Filter>
    </ResourceCompile>
  </ItemGroup>
  <ItemGroup>
    <Image Include="Sprites\MyChar.png">
      <Filter>Source Files\Assets</Filter>
    </Image>
  </ItemGroup>
</Project>